# This file is automatically @generated by Cargo.
# It is not intended for manual editing.
version = 4

[[package]]
name = "app"
version = "0.1.0"
dependencies = [
 "batt-charging",
 "batt-common",
 "batt-config",
 "batt-monitor",
 "batt-sysfs",
 "libc",
]

[[package]]
name = "batt-charging"
version = "0.1.0"
dependencies = [
 "batt-common",
 "batt-config",
 "batt-sysfs",
 "libc",
]

[[package]]
name = "batt-common"
version = "0.1.0"
dependencies = [
 "libc",
]

[[package]]
name = "batt-config"
version = "0.1.0"

[[package]]
name = "batt-monitor"
version = "0.1.0"
dependencies = [
 "batt-config",
 "batt-sysfs",
]

[[package]]
name = "batt-sysfs"
version = "0.1.0"
dependencies = [
 "libc",
]

[[package]]
name = "libc"
version = "0.2.186"
source = "registry+https://github.com/rust-lang/crates.io-index"
checksum = "68ab91017fe16c622486840e4c83c9a37afeff978bd239b5293d61ece587de66"
